{
  "name": "sjl-validator",
  "version": "1.0.0",
  "lockfileVersion": 1,
  "requires": true,
  "dependencies": {
    "fjl": {
      "version": "0.17.10",
      "resolved": "https://registry.npmjs.org/fjl/-/fjl-0.17.10.tgz",
      "integrity": "sha512-LzTrcAUkKgAvrxN8i3qXqAa8yciGlMUc5t4NIpgCSqZYBaoGSNOriB1jAy7S2RWSCRMh4AV+AZT3e7Ei0y/j2A=="
    },
    "fjl-error-throwing": {
      "version": "0.7.5",
      "resolved": "https://registry.npmjs.org/fjl-error-throwing/-/fjl-error-throwing-0.7.5.tgz",
      "integrity": "sha512-SBm1Ej/D3zNDIGSiATG9VHNe/vwE4FNcDLq5+wl7j3Y2n2hwpT+7wmz2CcP9i5gh0WJrMNtIDXTwtcKEOwUp1w==",
      "requires": {
        "fjl": "0.17.10"
      }
    },
    "fjl-mutable": {
      "version": "0.14.0",
      "resolved": "https://registry.npmjs.org/fjl-mutable/-/fjl-mutable-0.14.0.tgz",
      "integrity": "sha512-6PxgN7t6FumrSXHv/QGvrKF6eI4Dy2saVVIVCSmpxHDSscv0kdC6LiQM5dPDRyzSCklmzWoHT42svR1lOrMcuA==",
      "requires": {
        "fjl": "0.17.10",
        "fjl-error-throwing": "0.7.5"
      }
    }
  }
}
